// !$*UTF8*$!
{
	archiveVersion = 1;
	classes = {
	};
	objectVersion = 52;
	objects = {

/* Begin PBXBuildFile section */
		5E086DD32051E3A3004D8D25 /* Manifest.plist in Copy Book Contents */ = {isa = PBXBuildFile; fileRef = 5E086DCF2051DF0F004D8D25 /* Manifest.plist */; };
		5E551EC52371FC3F00784365 /* Assets.xcassets in Resources */ = {isa = PBXBuildFile; fileRef = 5E551EC42371FC3F00784365 /* Assets.xcassets */; };
		5E70679F23678DC30094BDEF /* Modules in Copy Book Contents */ = {isa = PBXBuildFile; fileRef = 5E70679E23678DC00094BDEF /* Modules */; };
		5EA2E3C02056F35A00416A35 /* AppDelegate.swift in Sources */ = {isa = PBXBuildFile; fileRef = 5EA2E3BF2056F35A00416A35 /* AppDelegate.swift */; };
		5EA2E3CA2056F35B00416A35 /* LiveViewTestAppLaunchScreen.storyboard in Resources */ = {isa = PBXBuildFile; fileRef = 5EA2E3C82056F35B00416A35 /* LiveViewTestAppLaunchScreen.storyboard */; };
		5EF2F97C2054B6E400191409 /* ManifestPlist.strings in Resources */ = {isa = PBXBuildFile; fileRef = 5EF2F97E2054B6E400191409 /* ManifestPlist.strings */; };
		5EF2F9B72054E6FB00191409 /* Chapters in Copy Book Contents */ = {isa = PBXBuildFile; fileRef = 5EF2F9B62054E6F900191409 /* Chapters */; };
		FDC9F48F27B0108D001BF68A /* SwiftAR.docc in Sources */ = {isa = PBXBuildFile; fileRef = FDC9F48E27B0108D001BF68A /* SwiftAR.docc */; };
		FDDF3B34262CAD6100CC4A53 /* OptionalModel.swift in Sources */ = {isa = PBXBuildFile; fileRef = FDDF3B33262CAD6100CC4A53 /* OptionalModel.swift */; };
		FDDF3B38262CAE6A00CC4A53 /* ConditionalModel.swift in Sources */ = {isa = PBXBuildFile; fileRef = FDDF3B37262CAE6A00CC4A53 /* ConditionalModel.swift */; };
		FDE77FA9262C33FF008F3A34 /* PublicResources in Resources */ = {isa = PBXBuildFile; fileRef = FDE77FA8262C33FF008F3A34 /* PublicResources */; };
		FDE77FAE262C3414008F3A34 /* PublicResources in Copy Book Contents */ = {isa = PBXBuildFile; fileRef = FDE77FA8262C33FF008F3A34 /* PublicResources */; };
		FDE782B2262C945D008F3A34 /* Experience.swift in Sources */ = {isa = PBXBuildFile; fileRef = FDE1EBD5262A3B2D00380B34 /* Experience.swift */; };
		FDE782B3262C945D008F3A34 /* AnyExperience.swift in Sources */ = {isa = PBXBuildFile; fileRef = FDE1EBD6262A3B2D00380B34 /* AnyExperience.swift */; };
		FDE782B4262C945D008F3A34 /* Cube+NodeReflectable.swift in Sources */ = {isa = PBXBuildFile; fileRef = FDE1EBDB262A3B2D00380B34 /* Cube+NodeReflectable.swift */; };
		FDE782B5262C945D008F3A34 /* Animaiton+Effect.swift in Sources */ = {isa = PBXBuildFile; fileRef = FDE1EBDC262A3B2D00380B34 /* Animaiton+Effect.swift */; };
		FDE782B6262C945D008F3A34 /* TransformModifier+NodeReflectible.swift in Sources */ = {isa = PBXBuildFile; fileRef = FDE1EBDD262A3B2D00380B34 /* TransformModifier+NodeReflectible.swift */; };
		FDE782B7262C945D008F3A34 /* TappableNode.swift in Sources */ = {isa = PBXBuildFile; fileRef = FDE1EBDE262A3B2D00380B34 /* TappableNode.swift */; };
		FDE782B8262C945D008F3A34 /* NodeReflectable.swift in Sources */ = {isa = PBXBuildFile; fileRef = FDE1EBDF262A3B2D00380B34 /* NodeReflectable.swift */; };
		FDE782B9262C945D008F3A34 /* ARReflectableAnchor.swift in Sources */ = {isa = PBXBuildFile; fileRef = FDE1EBE0262A3B2D00380B34 /* ARReflectableAnchor.swift */; };
		FDE782BA262C945D008F3A34 /* NodeReflectable+Modifier.swift in Sources */ = {isa = PBXBuildFile; fileRef = FDE1EBE1262A3B2D00380B34 /* NodeReflectable+Modifier.swift */; };
		FDE782BB262C945D008F3A34 /* LookAtModifier+NodeReflectable.swift in Sources */ = {isa = PBXBuildFile; fileRef = FDE77FB7262C63CB008F3A34 /* LookAtModifier+NodeReflectable.swift */; };
		FDE782BC262C945D008F3A34 /* SCNNodeRenderer.swift in Sources */ = {isa = PBXBuildFile; fileRef = FDE1EBD8262A3B2D00380B34 /* SCNNodeRenderer.swift */; };
		FDE782BD262C945D008F3A34 /* SCNRenderedViewController.swift in Sources */ = {isa = PBXBuildFile; fileRef = FDE1EBD9262A3B2D00380B34 /* SCNRenderedViewController.swift */; };
		FDE782BE262C945D008F3A34 /* StackReconciler.swift in Sources */ = {isa = PBXBuildFile; fileRef = FDE1EBE2262A3B2D00380B34 /* StackReconciler.swift */; };
		FDE782BF262C945D008F3A34 /* Renderer.swift in Sources */ = {isa = PBXBuildFile; fileRef = FDE1EBE3262A3B2D00380B34 /* Renderer.swift */; };
		FDE782C0262C945D008F3A34 /* ModifiedContent.swift in Sources */ = {isa = PBXBuildFile; fileRef = FDE1EBE5262A3B2D00380B34 /* ModifiedContent.swift */; };
		FDE782C1262C945D008F3A34 /* PrimitiveModifier.swift in Sources */ = {isa = PBXBuildFile; fileRef = FDE1EBE6262A3B2D00380B34 /* PrimitiveModifier.swift */; };
		FDE782C2262C945D008F3A34 /* TransformModifier.swift in Sources */ = {isa = PBXBuildFile; fileRef = FDE1EBE7262A3B2D00380B34 /* TransformModifier.swift */; };
		FDE782C3262C945D008F3A34 /* ModelModifier.swift in Sources */ = {isa = PBXBuildFile; fileRef = FDE1EBE8262A3B2D00380B34 /* ModelModifier.swift */; };
		FDE782C4262C945D008F3A34 /* LookAt.swift in Sources */ = {isa = PBXBuildFile; fileRef = FDE77FB3262C6321008F3A34 /* LookAt.swift */; };
		FDE782C5262C945D008F3A34 /* StateObject.swift in Sources */ = {isa = PBXBuildFile; fileRef = FDE77FBF262C6FA6008F3A34 /* StateObject.swift */; };
		FDE782C6262C945D008F3A34 /* ObservedObject.swift in Sources */ = {isa = PBXBuildFile; fileRef = FDE77FBB262C6F7F008F3A34 /* ObservedObject.swift */; };
		FDE782C7262C945D008F3A34 /* Binding.swift in Sources */ = {isa = PBXBuildFile; fileRef = FDE1EBEA262A3B2D00380B34 /* Binding.swift */; };
		FDE782C8262C945D008F3A34 /* State.swift in Sources */ = {isa = PBXBuildFile; fileRef = FDE1EBEB262A3B2D00380B34 /* State.swift */; };
		FDE782C9262C945D008F3A34 /* ObservedProperty.swift in Sources */ = {isa = PBXBuildFile; fileRef = FDE1EBEC262A3B2D00380B34 /* ObservedProperty.swift */; };
		FDE782CA262C945D008F3A34 /* DynamicProperty.swift in Sources */ = {isa = PBXBuildFile; fileRef = FDE1EBED262A3B2D00380B34 /* DynamicProperty.swift */; };
		FDE782CB262C945D008F3A34 /* State+SwiftUI.swift in Sources */ = {isa = PBXBuildFile; fileRef = FDE1EBEF262A3B2D00380B34 /* State+SwiftUI.swift */; };
		FDE782CC262C945D008F3A34 /* Binding+SwiftUI.swift in Sources */ = {isa = PBXBuildFile; fileRef = FDE1EBF0262A3B2D00380B34 /* Binding+SwiftUI.swift */; };
		FDE782CD262C945D008F3A34 /* Never+ProtocolConformance.swift in Sources */ = {isa = PBXBuildFile; fileRef = FDE1EBF2262A3B2D00380B34 /* Never+ProtocolConformance.swift */; };
		FDE782CE262C945D008F3A34 /* simd+Extensions.swift in Sources */ = {isa = PBXBuildFile; fileRef = FDE1EBF3262A3B2D00380B34 /* simd+Extensions.swift */; };
		FDE782CF262C945D008F3A34 /* MountedElement.swift in Sources */ = {isa = PBXBuildFile; fileRef = FDE1EBF5262A3B2D00380B34 /* MountedElement.swift */; };
		FDE782D0262C945D008F3A34 /* Model.swift in Sources */ = {isa = PBXBuildFile; fileRef = FDE1EBF8262A3B2D00380B34 /* Model.swift */; };
		FDE782D1262C945D008F3A34 /* EmptyModel.swift in Sources */ = {isa = PBXBuildFile; fileRef = FDE1EBFA262A3B2D00380B34 /* EmptyModel.swift */; };
		FDE782D2262C945D008F3A34 /* Cylinder.swift in Sources */ = {isa = PBXBuildFile; fileRef = FDE1EBFB262A3B2D00380B34 /* Cylinder.swift */; };
		FDE782D3262C945D008F3A34 /* Cube.swift in Sources */ = {isa = PBXBuildFile; fileRef = FDE1EBFC262A3B2D00380B34 /* Cube.swift */; };
		FDE782D4262C945D008F3A34 /* Sphere.swift in Sources */ = {isa = PBXBuildFile; fileRef = FDE1EBFD262A3B2D00380B34 /* Sphere.swift */; };
		FDE782D5262C945D008F3A34 /* AnyModel.swift in Sources */ = {isa = PBXBuildFile; fileRef = FDE1EBFE262A3B2D00380B34 /* AnyModel.swift */; };
		FDE782D6262C945D008F3A34 /* PrimitiveModel.swift in Sources */ = {isa = PBXBuildFile; fileRef = FDE1EBFF262A3B2D00380B34 /* PrimitiveModel.swift */; };
		FDE782D7262C945D008F3A34 /* Plane.swift in Sources */ = {isa = PBXBuildFile; fileRef = FDE1EC00262A3B2D00380B34 /* Plane.swift */; };
		FDE782D8262C945D008F3A34 /* Group.swift in Sources */ = {isa = PBXBuildFile; fileRef = FDE1EC02262A3B2D00380B34 /* Group.swift */; };
		FDE782D9262C945D008F3A34 /* TupelModel.swift in Sources */ = {isa = PBXBuildFile; fileRef = FDE1EC03262A3B2D00380B34 /* TupelModel.swift */; };
		FDE782DA262C945D008F3A34 /* ForEach.swift in Sources */ = {isa = PBXBuildFile; fileRef = FDE1EC04262A3B2D00380B34 /* ForEach.swift */; };
		FDE782DB262C945D008F3A34 /* ModelBuilder.swift in Sources */ = {isa = PBXBuildFile; fileRef = FDE1EC05262A3B2D00380B34 /* ModelBuilder.swift */; };
		FDE782DC262C945D008F3A34 /* OnUpdate.swift in Sources */ = {isa = PBXBuildFile; fileRef = FDE1EC07262A3B2D00380B34 /* OnUpdate.swift */; };
		FDE782DD262C945D008F3A34 /* Animation.swift in Sources */ = {isa = PBXBuildFile; fileRef = FDE1EC08262A3B2D00380B34 /* Animation.swift */; };
		FDE782DE262C945D008F3A34 /* OnTapModel.swift in Sources */ = {isa = PBXBuildFile; fileRef = FDE1EC09262A3B2D00380B34 /* OnTapModel.swift */; };
		FDE782DF262C945D008F3A34 /* Environment.swift in Sources */ = {isa = PBXBuildFile; fileRef = FDE1EC0B262A3B2D00380B34 /* Environment.swift */; };
		FDE782E0262C945D008F3A34 /* EnvironmentValues.swift in Sources */ = {isa = PBXBuildFile; fileRef = FDE1EC0C262A3B2D00380B34 /* EnvironmentValues.swift */; };
		FDE782E1262C945D008F3A34 /* EnvironmentObject.swift in Sources */ = {isa = PBXBuildFile; fileRef = FDE1EC0D262A3B2D00380B34 /* EnvironmentObject.swift */; };
		FDE782E2262C945D008F3A34 /* EnvironmentKey.swift in Sources */ = {isa = PBXBuildFile; fileRef = FDE1EC0E262A3B2D00380B34 /* EnvironmentKey.swift */; };
		FDE782E3262C945D008F3A34 /* SurfaceAnchor.swift in Sources */ = {isa = PBXBuildFile; fileRef = FDE1EC10262A3B2D00380B34 /* SurfaceAnchor.swift */; };
		FDE782E4262C945D008F3A34 /* Anchor.swift in Sources */ = {isa = PBXBuildFile; fileRef = FDE1EC11262A3B2D00380B34 /* Anchor.swift */; };
		FDE782E5262C945D008F3A34 /* AnyAnchor.swift in Sources */ = {isa = PBXBuildFile; fileRef = FDE1EC12262A3B2D00380B34 /* AnyAnchor.swift */; };
		FDE782E6262C945D008F3A34 /* WorldAnchor.swift in Sources */ = {isa = PBXBuildFile; fileRef = FDE1EC13262A3B2D00380B34 /* WorldAnchor.swift */; };
		FDE782E7262C945D008F3A34 /* Material+SCNMaterial.swift in Sources */ = {isa = PBXBuildFile; fileRef = FDE1EC15262A3B2D00380B34 /* Material+SCNMaterial.swift */; };
		FDE782E8262C945D008F3A34 /* Model+Material.swift in Sources */ = {isa = PBXBuildFile; fileRef = FDE1EC16262A3B2D00380B34 /* Model+Material.swift */; };
		FDE782E9262C945D008F3A34 /* Material.swift in Sources */ = {isa = PBXBuildFile; fileRef = FDE1EC17262A3B2D00380B34 /* Material.swift */; };
		FDE782EA262C945D008F3A34 /* SwiftUIMaterial.swift in Sources */ = {isa = PBXBuildFile; fileRef = FDE1EC18262A3B2D00380B34 /* SwiftUIMaterial.swift */; };
		FDE782EB262C945D008F3A34 /* TypeInfo.swift in Sources */ = {isa = PBXBuildFile; fileRef = FDE1EC1B262A3B2D00380B34 /* TypeInfo.swift */; };
		FDE782EC262C945D008F3A34 /* Kind.swift in Sources */ = {isa = PBXBuildFile; fileRef = FDE1EC1C262A3B2D00380B34 /* Kind.swift */; };
		FDE782ED262C945D008F3A34 /* PropertyInfo.swift in Sources */ = {isa = PBXBuildFile; fileRef = FDE1EC1D262A3B2D00380B34 /* PropertyInfo.swift */; };
		FDE782EE262C945D008F3A34 /* GettersSetters.swift in Sources */ = {isa = PBXBuildFile; fileRef = FDE1EC1F262A3B2D00380B34 /* GettersSetters.swift */; };
		FDE782EF262C945D008F3A34 /* Pointer+Extensions.swift in Sources */ = {isa = PBXBuildFile; fileRef = FDE1EC20262A3B2D00380B34 /* Pointer+Extensions.swift */; };
		FDE782F0262C945D008F3A34 /* StructTypeDescriptor.swift in Sources */ = {isa = PBXBuildFile; fileRef = FDE1EC22262A3B2D00380B34 /* StructTypeDescriptor.swift */; };
		FDE782F1262C945D008F3A34 /* ValueWitnessTable.swift in Sources */ = {isa = PBXBuildFile; fileRef = FDE1EC23262A3B2D00380B34 /* ValueWitnessTable.swift */; };
		FDE782F2262C945D008F3A34 /* ProtocolTypeContainer.swift in Sources */ = {isa = PBXBuildFile; fileRef = FDE1EC24262A3B2D00380B34 /* ProtocolTypeContainer.swift */; };
		FDE782F3262C945D008F3A34 /* TargetTypeGenericContextDescriptorHeader.swift in Sources */ = {isa = PBXBuildFile; fileRef = FDE1EC25262A3B2D00380B34 /* TargetTypeGenericContextDescriptorHeader.swift */; };
		FDE782F4262C945D008F3A34 /* FieldDescriptor.swift in Sources */ = {isa = PBXBuildFile; fileRef = FDE1EC26262A3B2D00380B34 /* FieldDescriptor.swift */; };
		FDE782F5262C945D008F3A34 /* ExistentialContainter.swift in Sources */ = {isa = PBXBuildFile; fileRef = FDE1EC27262A3B2D00380B34 /* ExistentialContainter.swift */; };
		FDE782F6262C945D008F3A34 /* StructMetadataLayout.swift in Sources */ = {isa = PBXBuildFile; fileRef = FDE1EC28262A3B2D00380B34 /* StructMetadataLayout.swift */; };
		FDE782F7262C945D008F3A34 /* MetadataOffset.swift in Sources */ = {isa = PBXBuildFile; fileRef = FDE1EC2A262A3B2D00380B34 /* MetadataOffset.swift */; };
		FDE782F8262C945D008F3A34 /* Pointers.swift in Sources */ = {isa = PBXBuildFile; fileRef = FDE1EC2B262A3B2D00380B34 /* Pointers.swift */; };
		FDE782F9262C945D008F3A34 /* RelativeVectorPointer.swift in Sources */ = {isa = PBXBuildFile; fileRef = FDE1EC2C262A3B2D00380B34 /* RelativeVectorPointer.swift */; };
		FDE782FA262C945D008F3A34 /* Metadata.swift in Sources */ = {isa = PBXBuildFile; fileRef = FDE1EC2E262A3B2D00380B34 /* Metadata.swift */; };
		FDE782FB262C945D008F3A34 /* StructMetadata.swift in Sources */ = {isa = PBXBuildFile; fileRef = FDE1EC2F262A3B2D00380B34 /* StructMetadata.swift */; };
		FDE782FC262C945D008F3A34 /* MetadataState.swift in Sources */ = {isa = PBXBuildFile; fileRef = FDE1EC30262A3B2D00380B34 /* MetadataState.swift */; };
		FDE782FD262C945D008F3A34 /* typeConstructorName.swift in Sources */ = {isa = PBXBuildFile; fileRef = FDE1EC31262A3B2D00380B34 /* typeConstructorName.swift */; };
		FDE78302262C9469008F3A34 /* libSwiftAR.a in Frameworks */ = {isa = PBXBuildFile; fileRef = FDE782A7262C944F008F3A34 /* libSwiftAR.a */; };
		FDF0B5CC262DD16000EC4CE2 /* OnAppear.swift in Sources */ = {isa = PBXBuildFile; fileRef = FDF0B5CB262DD16000EC4CE2 /* OnAppear.swift */; };
		FDF327E2262DA7F4007439A6 /* LiveViewHost.framework in Embed Frameworks */ = {isa = PBXBuildFile; fileRef = 5EBEC2EF205B396500975D3F /* LiveViewHost.framework */; settings = {ATTRIBUTES = (CodeSignOnCopy, RemoveHeadersOnCopy, ); }; };
		FDF327E4262DAD03007439A6 /* SolarCardSystemExperience.swift in Sources */ = {isa = PBXBuildFile; fileRef = FDF327E3262DAD03007439A6 /* SolarCardSystemExperience.swift */; };
		FDF327E6262DADB2007439A6 /* Media.xcassets in Resources */ = {isa = PBXBuildFile; fileRef = FDF327E5262DADB2007439A6 /* Media.xcassets */; };
/* End PBXBuildFile section */

/* Begin PBXBuildRule section */
		5E086DD42051E415004D8D25 /* PBXBuildRule */ = {
			isa = PBXBuildRule;
			compilerSpec = com.apple.compilers.proxy.script;
			filePatterns = "*/Manifest.plist";
			fileType = pattern.proxy;
			inputFiles = (
			);
			isEditable = 1;
			outputFiles = (
				"$(DERIVED_FILE_DIR)/$(INPUT_FILE_NAME)",
			);
			script = "mkdir -p \"${DERIVED_FILE_DIR}\"\n\n\"${PROJECT_DIR}\"/SupportingContent/Tools/expandBuildSettingReferences --output \"${SCRIPT_OUTPUT_FILE_0}\" --use-environment \"${SCRIPT_INPUT_FILE}\"\n";
		};
/* End PBXBuildRule section */

/* Begin PBXContainerItemProxy section */
		FDF327E0262DA702007439A6 /* PBXContainerItemProxy */ = {
			isa = PBXContainerItemProxy;
			containerPortal = 5E2A7ADD204F611300F4E17A /* Project object */;
			proxyType = 1;
			remoteGlobalIDString = FDE782A6262C944F008F3A34;
			remoteInfo = SwiftAR;
		};
/* End PBXContainerItemProxy section */

/* Begin PBXCopyFilesBuildPhase section */
		5E086DD22051E35D004D8D25 /* Copy Book Contents */ = {
			isa = PBXCopyFilesBuildPhase;
			buildActionMask = 2147483647;
			dstPath = "$(CONTENTS_FOLDER_PATH)";
			dstSubfolderSpec = 16;
			files = (
				FDE77FAE262C3414008F3A34 /* PublicResources in Copy Book Contents */,
				5E086DD32051E3A3004D8D25 /* Manifest.plist in Copy Book Contents */,
				5EF2F9B72054E6FB00191409 /* Chapters in Copy Book Contents */,
				5E70679F23678DC30094BDEF /* Modules in Copy Book Contents */,
			);
			name = "Copy Book Contents";
			runOnlyForDeploymentPostprocessing = 0;
		};
		5EA2E3D92056F8BD00416A35 /* Embed Frameworks */ = {
			isa = PBXCopyFilesBuildPhase;
			buildActionMask = 2147483647;
			dstPath = "";
			dstSubfolderSpec = 10;
			files = (
				FDF327E2262DA7F4007439A6 /* LiveViewHost.framework in Embed Frameworks */,
			);
			name = "Embed Frameworks";
			runOnlyForDeploymentPostprocessing = 0;
		};
		FDE782A5262C944F008F3A34 /* CopyFiles */ = {
			isa = PBXCopyFilesBuildPhase;
			buildActionMask = 2147483647;
			dstPath = "include/$(PRODUCT_NAME)";
			dstSubfolderSpec = 16;
			files = (
			);
			runOnlyForDeploymentPostprocessing = 0;
		};
/* End PBXCopyFilesBuildPhase section */

/* Begin PBXFileReference section */
		5E086DC02051C5A7004D8D25 /* SwiftAR.playgroundbook */ = {isa = PBXFileReference; explicitFileType = wrapper.cfbundle; includeInIndex = 0; path = SwiftAR.playgroundbook; sourceTree = BUILT_PRODUCTS_DIR; };
		5E086DC72051DD03004D8D25 /* BookOverridingBuildSettings.xcconfig */ = {isa = PBXFileReference; lastKnownFileType = text.xcconfig; path = BookOverridingBuildSettings.xcconfig; sourceTree = "<group>"; };
		5E086DCF2051DF0F004D8D25 /* Manifest.plist */ = {isa = PBXFileReference; lastKnownFileType = text.plist.xml; path = Manifest.plist; sourceTree = "<group>"; };
		5E0E37522065981C008FA4BE /* BuildSettings.xcconfig */ = {isa = PBXFileReference; lastKnownFileType = text.xcconfig; path = BuildSettings.xcconfig; sourceTree = "<group>"; };
		5E0E37542065A065008FA4BE /* README.md */ = {isa = PBXFileReference; lastKnownFileType = net.daringfireball.markdown; path = README.md; sourceTree = "<group>"; };
		5E1004BE208E7F6E00BCFE70 /* LICENSE.txt */ = {isa = PBXFileReference; lastKnownFileType = text; path = LICENSE.txt; sourceTree = "<group>"; };
		5E2A7AE6204F630600F4E17A /* BaseBuildSettings.xcconfig */ = {isa = PBXFileReference; lastKnownFileType = text.xcconfig; path = BaseBuildSettings.xcconfig; sourceTree = "<group>"; };
		5E551EC42371FC3F00784365 /* Assets.xcassets */ = {isa = PBXFileReference; lastKnownFileType = folder.assetcatalog; path = Assets.xcassets; sourceTree = "<group>"; };
		5E6F7E582367B51E008CC191 /* UserModules */ = {isa = PBXFileReference; lastKnownFileType = folder; path = UserModules; sourceTree = "<group>"; };
		5E6F7E6D2368FC9A008CC191 /* ModuleOverridingBuildSettings.xcconfig */ = {isa = PBXFileReference; lastKnownFileType = text.xcconfig; path = ModuleOverridingBuildSettings.xcconfig; sourceTree = "<group>"; };
		5E70679E23678DC00094BDEF /* Modules */ = {isa = PBXFileReference; lastKnownFileType = folder; path = Modules; sourceTree = "<group>"; };
		5E80DF292342971E00595EB4 /* LiveViewTestApp.entitlements */ = {isa = PBXFileReference; lastKnownFileType = text.plist.entitlements; path = LiveViewTestApp.entitlements; sourceTree = "<group>"; };
		5EA2E3BD2056F35A00416A35 /* LiveViewTestApp.app */ = {isa = PBXFileReference; explicitFileType = wrapper.application; includeInIndex = 0; path = LiveViewTestApp.app; sourceTree = BUILT_PRODUCTS_DIR; };
		5EA2E3BF2056F35A00416A35 /* AppDelegate.swift */ = {isa = PBXFileReference; lastKnownFileType = sourcecode.swift; path = AppDelegate.swift; sourceTree = "<group>"; };
		5EA2E3C92056F35B00416A35 /* Base */ = {isa = PBXFileReference; lastKnownFileType = file.storyboard; name = Base; path = Base.lproj/LiveViewTestAppLaunchScreen.storyboard; sourceTree = "<group>"; };
		5EA2E3CB2056F35B00416A35 /* Info.plist */ = {isa = PBXFileReference; lastKnownFileType = text.plist.xml; path = Info.plist; sourceTree = "<group>"; };
		5EA2E3D72056F88700416A35 /* PlaygroundSupport.framework */ = {isa = PBXFileReference; lastKnownFileType = wrapper.framework; path = PlaygroundSupport.framework; sourceTree = PLAYGROUNDS_FRAMEWORKS_DIR; };
		5EA2E3D82056F88700416A35 /* PlaygroundBluetooth.framework */ = {isa = PBXFileReference; lastKnownFileType = wrapper.framework; path = PlaygroundBluetooth.framework; sourceTree = PLAYGROUNDS_FRAMEWORKS_DIR; };
		5EBEC2EF205B396500975D3F /* LiveViewHost.framework */ = {isa = PBXFileReference; lastKnownFileType = wrapper.framework; path = LiveViewHost.framework; sourceTree = OTHER_FRAMEWORKS_DIR; };
		5EF2F97D2054B6E400191409 /* en */ = {isa = PBXFileReference; lastKnownFileType = text.plist.strings; name = en; path = en.lproj/ManifestPlist.strings; sourceTree = "<group>"; };
		5EF2F9B62054E6F900191409 /* Chapters */ = {isa = PBXFileReference; lastKnownFileType = folder; path = Chapters; sourceTree = "<group>"; };
		FDC9F48E27B0108D001BF68A /* SwiftAR.docc */ = {isa = PBXFileReference; lastKnownFileType = folder.documentationcatalog; path = SwiftAR.docc; sourceTree = "<group>"; };
		FDDF3B33262CAD6100CC4A53 /* OptionalModel.swift */ = {isa = PBXFileReference; lastKnownFileType = sourcecode.swift; path = OptionalModel.swift; sourceTree = "<group>"; };
		FDDF3B37262CAE6A00CC4A53 /* ConditionalModel.swift */ = {isa = PBXFileReference; lastKnownFileType = sourcecode.swift; path = ConditionalModel.swift; sourceTree = "<group>"; };
		FDE1EBD5262A3B2D00380B34 /* Experience.swift */ = {isa = PBXFileReference; fileEncoding = 4; lastKnownFileType = sourcecode.swift; path = Experience.swift; sourceTree = "<group>"; };
		FDE1EBD6262A3B2D00380B34 /* AnyExperience.swift */ = {isa = PBXFileReference; fileEncoding = 4; lastKnownFileType = sourcecode.swift; path = AnyExperience.swift; sourceTree = "<group>"; };
		FDE1EBD8262A3B2D00380B34 /* SCNNodeRenderer.swift */ = {isa = PBXFileReference; fileEncoding = 4; lastKnownFileType = sourcecode.swift; path = SCNNodeRenderer.swift; sourceTree = "<group>"; };
		FDE1EBD9262A3B2D00380B34 /* SCNRenderedViewController.swift */ = {isa = PBXFileReference; fileEncoding = 4; lastKnownFileType = sourcecode.swift; path = SCNRenderedViewController.swift; sourceTree = "<group>"; };
		FDE1EBDB262A3B2D00380B34 /* Cube+NodeReflectable.swift */ = {isa = PBXFileReference; fileEncoding = 4; lastKnownFileType = sourcecode.swift; path = "Cube+NodeReflectable.swift"; sourceTree = "<group>"; };
		FDE1EBDC262A3B2D00380B34 /* Animaiton+Effect.swift */ = {isa = PBXFileReference; fileEncoding = 4; lastKnownFileType = sourcecode.swift; path = "Animaiton+Effect.swift"; sourceTree = "<group>"; };
		FDE1EBDD262A3B2D00380B34 /* TransformModifier+NodeReflectible.swift */ = {isa = PBXFileReference; fileEncoding = 4; lastKnownFileType = sourcecode.swift; path = "TransformModifier+NodeReflectible.swift"; sourceTree = "<group>"; };
		FDE1EBDE262A3B2D00380B34 /* TappableNode.swift */ = {isa = PBXFileReference; fileEncoding = 4; lastKnownFileType = sourcecode.swift; path = TappableNode.swift; sourceTree = "<group>"; };
		FDE1EBDF262A3B2D00380B34 /* NodeReflectable.swift */ = {isa = PBXFileReference; fileEncoding = 4; lastKnownFileType = sourcecode.swift; path = NodeReflectable.swift; sourceTree = "<group>"; };
		FDE1EBE0262A3B2D00380B34 /* ARReflectableAnchor.swift */ = {isa = PBXFileReference; fileEncoding = 4; lastKnownFileType = sourcecode.swift; path = ARReflectableAnchor.swift; sourceTree = "<group>"; };
		FDE1EBE1262A3B2D00380B34 /* NodeReflectable+Modifier.swift */ = {isa = PBXFileReference; fileEncoding = 4; lastKnownFileType = sourcecode.swift; path = "NodeReflectable+Modifier.swift"; sourceTree = "<group>"; };
		FDE1EBE2262A3B2D00380B34 /* StackReconciler.swift */ = {isa = PBXFileReference; fileEncoding = 4; lastKnownFileType = sourcecode.swift; path = StackReconciler.swift; sourceTree = "<group>"; };
		FDE1EBE3262A3B2D00380B34 /* Renderer.swift */ = {isa = PBXFileReference; fileEncoding = 4; lastKnownFileType = sourcecode.swift; path = Renderer.swift; sourceTree = "<group>"; };
		FDE1EBE5262A3B2D00380B34 /* ModifiedContent.swift */ = {isa = PBXFileReference; fileEncoding = 4; lastKnownFileType = sourcecode.swift; path = ModifiedContent.swift; sourceTree = "<group>"; };
		FDE1EBE6262A3B2D00380B34 /* PrimitiveModifier.swift */ = {isa = PBXFileReference; fileEncoding = 4; lastKnownFileType = sourcecode.swift; path = PrimitiveModifier.swift; sourceTree = "<group>"; };
		FDE1EBE7262A3B2D00380B34 /* TransformModifier.swift */ = {isa = PBXFileReference; fileEncoding = 4; lastKnownFileType = sourcecode.swift; path = TransformModifier.swift; sourceTree = "<group>"; };
		FDE1EBE8262A3B2D00380B34 /* ModelModifier.swift */ = {isa = PBXFileReference; fileEncoding = 4; lastKnownFileType = sourcecode.swift; path = ModelModifier.swift; sourceTree = "<group>"; };
		FDE1EBEA262A3B2D00380B34 /* Binding.swift */ = {isa = PBXFileReference; fileEncoding = 4; lastKnownFileType = sourcecode.swift; path = Binding.swift; sourceTree = "<group>"; };
		FDE1EBEB262A3B2D00380B34 /* State.swift */ = {isa = PBXFileReference; fileEncoding = 4; lastKnownFileType = sourcecode.swift; path = State.swift; sourceTree = "<group>"; };
		FDE1EBEC262A3B2D00380B34 /* ObservedProperty.swift */ = {isa = PBXFileReference; fileEncoding = 4; lastKnownFileType = sourcecode.swift; path = ObservedProperty.swift; sourceTree = "<group>"; };
		FDE1EBED262A3B2D00380B34 /* DynamicProperty.swift */ = {isa = PBXFileReference; fileEncoding = 4; lastKnownFileType = sourcecode.swift; path = DynamicProperty.swift; sourceTree = "<group>"; };
		FDE1EBEF262A3B2D00380B34 /* State+SwiftUI.swift */ = {isa = PBXFileReference; fileEncoding = 4; lastKnownFileType = sourcecode.swift; path = "State+SwiftUI.swift"; sourceTree = "<group>"; };
		FDE1EBF0262A3B2D00380B34 /* Binding+SwiftUI.swift */ = {isa = PBXFileReference; fileEncoding = 4; lastKnownFileType = sourcecode.swift; path = "Binding+SwiftUI.swift"; sourceTree = "<group>"; };
		FDE1EBF2262A3B2D00380B34 /* Never+ProtocolConformance.swift */ = {isa = PBXFileReference; fileEncoding = 4; lastKnownFileType = sourcecode.swift; path = "Never+ProtocolConformance.swift"; sourceTree = "<group>"; };
		FDE1EBF3262A3B2D00380B34 /* simd+Extensions.swift */ = {isa = PBXFileReference; fileEncoding = 4; lastKnownFileType = sourcecode.swift; path = "simd+Extensions.swift"; sourceTree = "<group>"; };
		FDE1EBF5262A3B2D00380B34 /* MountedElement.swift */ = {isa = PBXFileReference; fileEncoding = 4; lastKnownFileType = sourcecode.swift; path = MountedElement.swift; sourceTree = "<group>"; };
		FDE1EBF8262A3B2D00380B34 /* Model.swift */ = {isa = PBXFileReference; fileEncoding = 4; lastKnownFileType = sourcecode.swift; path = Model.swift; sourceTree = "<group>"; };
		FDE1EBFA262A3B2D00380B34 /* EmptyModel.swift */ = {isa = PBXFileReference; fileEncoding = 4; lastKnownFileType = sourcecode.swift; path = EmptyModel.swift; sourceTree = "<group>"; };
		FDE1EBFB262A3B2D00380B34 /* Cylinder.swift */ = {isa = PBXFileReference; fileEncoding = 4; lastKnownFileType = sourcecode.swift; path = Cylinder.swift; sourceTree = "<group>"; };
		FDE1EBFC262A3B2D00380B34 /* Cube.swift */ = {isa = PBXFileReference; fileEncoding = 4; lastKnownFileType = sourcecode.swift; path = Cube.swift; sourceTree = "<group>"; };
		FDE1EBFD262A3B2D00380B34 /* Sphere.swift */ = {isa = PBXFileReference; fileEncoding = 4; lastKnownFileType = sourcecode.swift; path = Sphere.swift; sourceTree = "<group>"; };
		FDE1EBFE262A3B2D00380B34 /* AnyModel.swift */ = {isa = PBXFileReference; fileEncoding = 4; lastKnownFileType = sourcecode.swift; path = AnyModel.swift; sourceTree = "<group>"; };
		FDE1EBFF262A3B2D00380B34 /* PrimitiveModel.swift */ = {isa = PBXFileReference; fileEncoding = 4; lastKnownFileType = sourcecode.swift; path = PrimitiveModel.swift; sourceTree = "<group>"; };
		FDE1EC00262A3B2D00380B34 /* Plane.swift */ = {isa = PBXFileReference; fileEncoding = 4; lastKnownFileType = sourcecode.swift; path = Plane.swift; sourceTree = "<group>"; };
		FDE1EC02262A3B2D00380B34 /* Group.swift */ = {isa = PBXFileReference; fileEncoding = 4; lastKnownFileType = sourcecode.swift; path = Group.swift; sourceTree = "<group>"; };
		FDE1EC03262A3B2D00380B34 /* TupelModel.swift */ = {isa = PBXFileReference; fileEncoding = 4; lastKnownFileType = sourcecode.swift; path = TupelModel.swift; sourceTree = "<group>"; };
		FDE1EC04262A3B2D00380B34 /* ForEach.swift */ = {isa = PBXFileReference; fileEncoding = 4; lastKnownFileType = sourcecode.swift; path = ForEach.swift; sourceTree = "<group>"; };
		FDE1EC05262A3B2D00380B34 /* ModelBuilder.swift */ = {isa = PBXFileReference; fileEncoding = 4; lastKnownFileType = sourcecode.swift; path = ModelBuilder.swift; sourceTree = "<group>"; };
		FDE1EC07262A3B2D00380B34 /* OnUpdate.swift */ = {isa = PBXFileReference; fileEncoding = 4; lastKnownFileType = sourcecode.swift; path = OnUpdate.swift; sourceTree = "<group>"; };
		FDE1EC08262A3B2D00380B34 /* Animation.swift */ = {isa = PBXFileReference; fileEncoding = 4; lastKnownFileType = sourcecode.swift; path = Animation.swift; sourceTree = "<group>"; };
		FDE1EC09262A3B2D00380B34 /* OnTapModel.swift */ = {isa = PBXFileReference; fileEncoding = 4; lastKnownFileType = sourcecode.swift; path = OnTapModel.swift; sourceTree = "<group>"; };
		FDE1EC0B262A3B2D00380B34 /* Environment.swift */ = {isa = PBXFileReference; fileEncoding = 4; lastKnownFileType = sourcecode.swift; path = Environment.swift; sourceTree = "<group>"; };
		FDE1EC0C262A3B2D00380B34 /* EnvironmentValues.swift */ = {isa = PBXFileReference; fileEncoding = 4; lastKnownFileType = sourcecode.swift; path = EnvironmentValues.swift; sourceTree = "<group>"; };
		FDE1EC0D262A3B2D00380B34 /* EnvironmentObject.swift */ = {isa = PBXFileReference; fileEncoding = 4; lastKnownFileType = sourcecode.swift; path = EnvironmentObject.swift; sourceTree = "<group>"; };
		FDE1EC0E262A3B2D00380B34 /* EnvironmentKey.swift */ = {isa = PBXFileReference; fileEncoding = 4; lastKnownFileType = sourcecode.swift; path = EnvironmentKey.swift; sourceTree = "<group>"; };
		FDE1EC10262A3B2D00380B34 /* SurfaceAnchor.swift */ = {isa = PBXFileReference; fileEncoding = 4; lastKnownFileType = sourcecode.swift; path = SurfaceAnchor.swift; sourceTree = "<group>"; };
		FDE1EC11262A3B2D00380B34 /* Anchor.swift */ = {isa = PBXFileReference; fileEncoding = 4; lastKnownFileType = sourcecode.swift; path = Anchor.swift; sourceTree = "<group>"; };
		FDE1EC12262A3B2D00380B34 /* AnyAnchor.swift */ = {isa = PBXFileReference; fileEncoding = 4; lastKnownFileType = sourcecode.swift; path = AnyAnchor.swift; sourceTree = "<group>"; };
		FDE1EC13262A3B2D00380B34 /* WorldAnchor.swift */ = {isa = PBXFileReference; fileEncoding = 4; lastKnownFileType = sourcecode.swift; path = WorldAnchor.swift; sourceTree = "<group>"; };
		FDE1EC15262A3B2D00380B34 /* Material+SCNMaterial.swift */ = {isa = PBXFileReference; fileEncoding = 4; lastKnownFileType = sourcecode.swift; path = "Material+SCNMaterial.swift"; sourceTree = "<group>"; };
		FDE1EC16262A3B2D00380B34 /* Model+Material.swift */ = {isa = PBXFileReference; fileEncoding = 4; lastKnownFileType = sourcecode.swift; path = "Model+Material.swift"; sourceTree = "<group>"; };
		FDE1EC17262A3B2D00380B34 /* Material.swift */ = {isa = PBXFileReference; fileEncoding = 4; lastKnownFileType = sourcecode.swift; path = Material.swift; sourceTree = "<group>"; };
		FDE1EC18262A3B2D00380B34 /* SwiftUIMaterial.swift */ = {isa = PBXFileReference; fileEncoding = 4; lastKnownFileType = sourcecode.swift; path = SwiftUIMaterial.swift; sourceTree = "<group>"; };
		FDE1EC1B262A3B2D00380B34 /* TypeInfo.swift */ = {isa = PBXFileReference; fileEncoding = 4; lastKnownFileType = sourcecode.swift; path = TypeInfo.swift; sourceTree = "<group>"; };
		FDE1EC1C262A3B2D00380B34 /* Kind.swift */ = {isa = PBXFileReference; fileEncoding = 4; lastKnownFileType = sourcecode.swift; path = Kind.swift; sourceTree = "<group>"; };
		FDE1EC1D262A3B2D00380B34 /* PropertyInfo.swift */ = {isa = PBXFileReference; fileEncoding = 4; lastKnownFileType = sourcecode.swift; path = PropertyInfo.swift; sourceTree = "<group>"; };
		FDE1EC1F262A3B2D00380B34 /* GettersSetters.swift */ = {isa = PBXFileReference; fileEncoding = 4; lastKnownFileType = sourcecode.swift; path = GettersSetters.swift; sourceTree = "<group>"; };
		FDE1EC20262A3B2D00380B34 /* Pointer+Extensions.swift */ = {isa = PBXFileReference; fileEncoding = 4; lastKnownFileType = sourcecode.swift; path = "Pointer+Extensions.swift"; sourceTree = "<group>"; };
		FDE1EC22262A3B2D00380B34 /* StructTypeDescriptor.swift */ = {isa = PBXFileReference; fileEncoding = 4; lastKnownFileType = sourcecode.swift; path = StructTypeDescriptor.swift; sourceTree = "<group>"; };
		FDE1EC23262A3B2D00380B34 /* ValueWitnessTable.swift */ = {isa = PBXFileReference; fileEncoding = 4; lastKnownFileType = sourcecode.swift; path = ValueWitnessTable.swift; sourceTree = "<group>"; };
		FDE1EC24262A3B2D00380B34 /* ProtocolTypeContainer.swift */ = {isa = PBXFileReference; fileEncoding = 4; lastKnownFileType = sourcecode.swift; path = ProtocolTypeContainer.swift; sourceTree = "<group>"; };
		FDE1EC25262A3B2D00380B34 /* TargetTypeGenericContextDescriptorHeader.swift */ = {isa = PBXFileReference; fileEncoding = 4; lastKnownFileType = sourcecode.swift; path = TargetTypeGenericContextDescriptorHeader.swift; sourceTree = "<group>"; };
		FDE1EC26262A3B2D00380B34 /* FieldDescriptor.swift */ = {isa = PBXFileReference; fileEncoding = 4; lastKnownFileType = sourcecode.swift; path = FieldDescriptor.swift; sourceTree = "<group>"; };
		FDE1EC27262A3B2D00380B34 /* ExistentialContainter.swift */ = {isa = PBXFileReference; fileEncoding = 4; lastKnownFileType = sourcecode.swift; path = ExistentialContainter.swift; sourceTree = "<group>"; };
		FDE1EC28262A3B2D00380B34 /* StructMetadataLayout.swift */ = {isa = PBXFileReference; fileEncoding = 4; lastKnownFileType = sourcecode.swift; path = StructMetadataLayout.swift; sourceTree = "<group>"; };
		FDE1EC2A262A3B2D00380B34 /* MetadataOffset.swift */ = {isa = PBXFileReference; fileEncoding = 4; lastKnownFileType = sourcecode.swift; path = MetadataOffset.swift; sourceTree = "<group>"; };
		FDE1EC2B262A3B2D00380B34 /* Pointers.swift */ = {isa = PBXFileReference; fileEncoding = 4; lastKnownFileType = sourcecode.swift; path = Pointers.swift; sourceTree = "<group>"; };
		FDE1EC2C262A3B2D00380B34 /* RelativeVectorPointer.swift */ = {isa = PBXFileReference; fileEncoding = 4; lastKnownFileType = sourcecode.swift; path = RelativeVectorPointer.swift; sourceTree = "<group>"; };
		FDE1EC2E262A3B2D00380B34 /* Metadata.swift */ = {isa = PBXFileReference; fileEncoding = 4; lastKnownFileType = sourcecode.swift; path = Metadata.swift; sourceTree = "<group>"; };
		FDE1EC2F262A3B2D00380B34 /* StructMetadata.swift */ = {isa = PBXFileReference; fileEncoding = 4; lastKnownFileType = sourcecode.swift; path = StructMetadata.swift; sourceTree = "<group>"; };
		FDE1EC30262A3B2D00380B34 /* MetadataState.swift */ = {isa = PBXFileReference; fileEncoding = 4; lastKnownFileType = sourcecode.swift; path = MetadataState.swift; sourceTree = "<group>"; };
		FDE1EC31262A3B2D00380B34 /* typeConstructorName.swift */ = {isa = PBXFileReference; fileEncoding = 4; lastKnownFileType = sourcecode.swift; path = typeConstructorName.swift; sourceTree = "<group>"; };
		FDE77FA8262C33FF008F3A34 /* PublicResources */ = {isa = PBXFileReference; lastKnownFileType = folder; path = PublicResources; sourceTree = "<group>"; };
		FDE77FB3262C6321008F3A34 /* LookAt.swift */ = {isa = PBXFileReference; lastKnownFileType = sourcecode.swift; path = LookAt.swift; sourceTree = "<group>"; };
		FDE77FB7262C63CB008F3A34 /* LookAtModifier+NodeReflectable.swift */ = {isa = PBXFileReference; lastKnownFileType = sourcecode.swift; path = "LookAtModifier+NodeReflectable.swift"; sourceTree = "<group>"; };
		FDE77FBB262C6F7F008F3A34 /* ObservedObject.swift */ = {isa = PBXFileReference; fileEncoding = 4; lastKnownFileType = sourcecode.swift; path = ObservedObject.swift; sourceTree = "<group>"; };
		FDE77FBF262C6FA6008F3A34 /* StateObject.swift */ = {isa = PBXFileReference; fileEncoding = 4; lastKnownFileType = sourcecode.swift; path = StateObject.swift; sourceTree = "<group>"; };
		FDE78226262C9365008F3A34 /* arm64.swiftmodule */ = {isa = PBXFileReference; lastKnownFileType = file; name = arm64.swiftmodule; path = "../../../../../Library/Developer/Xcode/DerivedData/SwiftAR-bncgzcdylaqqdweithuuibfdebnz/Build/Products/Debug-iphonesimulator/SwiftAR.swiftmodule/arm64.swiftmodule"; sourceTree = "<group>"; };
		FDE7822E262C9383008F3A34 /* arm64.swiftdoc */ = {isa = PBXFileReference; lastKnownFileType = file; name = arm64.swiftdoc; path = "../../../../../Library/Developer/Xcode/DerivedData/SwiftAR-bncgzcdylaqqdweithuuibfdebnz/Build/Products/Debug-iphonesimulator/LiveViewTestApp.swiftmodule/arm64.swiftdoc"; sourceTree = "<group>"; };
		FDE78232262C938B008F3A34 /* arm64.swiftmodule */ = {isa = PBXFileReference; lastKnownFileType = file; name = arm64.swiftmodule; path = "../../../../../Library/Developer/Xcode/DerivedData/SwiftAR-bncgzcdylaqqdweithuuibfdebnz/Build/Products/Debug-iphonesimulator/LiveViewTestApp.swiftmodule/arm64.swiftmodule"; sourceTree = "<group>"; };
		FDE78236262C938E008F3A34 /* x86_64-apple-ios-simulator.swiftmodule */ = {isa = PBXFileReference; lastKnownFileType = file; name = "x86_64-apple-ios-simulator.swiftmodule"; path = "../../../../../Library/Developer/Xcode/DerivedData/SwiftAR-bncgzcdylaqqdweithuuibfdebnz/Build/Products/Debug-iphonesimulator/LiveViewTestApp.swiftmodule/x86_64-apple-ios-simulator.swiftmodule"; sourceTree = "<group>"; };
		FDE782A7262C944F008F3A34 /* libSwiftAR.a */ = {isa = PBXFileReference; explicitFileType = archive.ar; includeInIndex = 0; path = libSwiftAR.a; sourceTree = BUILT_PRODUCTS_DIR; };
		FDE78313262C94F2008F3A34 /* SolarSystemExperience.swift */ = {isa = PBXFileReference; lastKnownFileType = sourcecode.swift; path = SolarSystemExperience.swift; sourceTree = "<group>"; };
		FDF0B5CB262DD16000EC4CE2 /* OnAppear.swift */ = {isa = PBXFileReference; lastKnownFileType = sourcecode.swift; path = OnAppear.swift; sourceTree = "<group>"; };
		FDF327E3262DAD03007439A6 /* SolarCardSystemExperience.swift */ = {isa = PBXFileReference; lastKnownFileType = sourcecode.swift; path = SolarCardSystemExperience.swift; sourceTree = "<group>"; };
		FDF327E5262DADB2007439A6 /* Media.xcassets */ = {isa = PBXFileReference; lastKnownFileType = folder.assetcatalog; path = Media.xcassets; sourceTree = "<group>"; };
/* End PBXFileReference section */

/* Begin PBXFrameworksBuildPhase section */
		5EA2E3BA2056F35A00416A35 /* Frameworks */ = {
			isa = PBXFrameworksBuildPhase;
			buildActionMask = 2147483647;
			files = (
				FDE78302262C9469008F3A34 /* libSwiftAR.a in Frameworks */,
			);
			runOnlyForDeploymentPostprocessing = 0;
		};
		FDE782A4262C944F008F3A34 /* Frameworks */ = {
			isa = PBXFrameworksBuildPhase;
			buildActionMask = 2147483647;
			files = (
			);
			runOnlyForDeploymentPostprocessing = 0;
		};
/* End PBXFrameworksBuildPhase section */

/* Begin PBXGroup section */
		5E086DA4204F706E004D8D25 /* Products */ = {
			isa = PBXGroup;
			children = (
				5E086DC02051C5A7004D8D25 /* SwiftAR.playgroundbook */,
				5EA2E3BD2056F35A00416A35 /* LiveViewTestApp.app */,
				FDE782A7262C944F008F3A34 /* libSwiftAR.a */,
			);
			name = Products;
			sourceTree = "<group>";
		};
		5E086DC12051C5A7004D8D25 /* PlaygroundBook */ = {
			isa = PBXGroup;
			children = (
				5E086DCF2051DF0F004D8D25 /* Manifest.plist */,
				5E70679B23678D810094BDEF /* Modules */,
				5EF2F9792054B64800191409 /* PrivateResources */,
				FDE77FA8262C33FF008F3A34 /* PublicResources */,
				5EF2F9B62054E6F900191409 /* Chapters */,
				5EF2F9A42054BB9500191409 /* Supporting Content */,
			);
			path = PlaygroundBook;
			sourceTree = "<group>";
		};
		5E0E3751206597E7008FA4BE /* Base */ = {
			isa = PBXGroup;
			children = (
				5E2A7AE6204F630600F4E17A /* BaseBuildSettings.xcconfig */,
			);
			path = Base;
			sourceTree = "<group>";
		};
		5E0E3753206599A0008FA4BE /* Overrides */ = {
			isa = PBXGroup;
			children = (
				5E086DC72051DD03004D8D25 /* BookOverridingBuildSettings.xcconfig */,
				5E6F7E6D2368FC9A008CC191 /* ModuleOverridingBuildSettings.xcconfig */,
			);
			path = Overrides;
			sourceTree = "<group>";
		};
		5E1004BD208E7F6E00BCFE70 /* LICENSE */ = {
			isa = PBXGroup;
			children = (
				5E1004BE208E7F6E00BCFE70 /* LICENSE.txt */,
			);
			path = LICENSE;
			sourceTree = "<group>";
		};
		5E2A7ADC204F611300F4E17A = {
			isa = PBXGroup;
			children = (
				5E0E37542065A065008FA4BE /* README.md */,
				5E086DC12051C5A7004D8D25 /* PlaygroundBook */,
				5EA2E3BE2056F35A00416A35 /* LiveViewTestApp */,
				5E2A7AE3204F628B00F4E17A /* Config Files */,
				5E1004BD208E7F6E00BCFE70 /* LICENSE */,
				5EA2E3D52056F83400416A35 /* Supporting Content */,
				5E086DA4204F706E004D8D25 /* Products */,
				FDE78220262C9306008F3A34 /* Frameworks */,
			);
			sourceTree = "<group>";
		};
		5E2A7AE3204F628B00F4E17A /* Config Files */ = {
			isa = PBXGroup;
			children = (
				5E0E37522065981C008FA4BE /* BuildSettings.xcconfig */,
				5E0E3751206597E7008FA4BE /* Base */,
				5E0E3753206599A0008FA4BE /* Overrides */,
			);
			name = "Config Files";
			path = ConfigFiles;
			sourceTree = "<group>";
		};
		5E70679B23678D810094BDEF /* Modules */ = {
			isa = PBXGroup;
			children = (
				FDE1EAD9262A33F900380B34 /* SwiftAR.playgroundmodule */,
			);
			path = Modules;
			sourceTree = "<group>";
		};
		5EA2E3BE2056F35A00416A35 /* LiveViewTestApp */ = {
			isa = PBXGroup;
			children = (
				5EA2E3BF2056F35A00416A35 /* AppDelegate.swift */,
				5EA2E3C82056F35B00416A35 /* LiveViewTestAppLaunchScreen.storyboard */,
				5E80DF292342971E00595EB4 /* LiveViewTestApp.entitlements */,
				5EA2E3CB2056F35B00416A35 /* Info.plist */,
				FDE78313262C94F2008F3A34 /* SolarSystemExperience.swift */,
				FDF327E3262DAD03007439A6 /* SolarCardSystemExperience.swift */,
				FDF327E5262DADB2007439A6 /* Media.xcassets */,
			);
			path = LiveViewTestApp;
			sourceTree = "<group>";
		};
		5EA2E3D52056F83400416A35 /* Supporting Content */ = {
			isa = PBXGroup;
			children = (
				5EA2E3D62056F84000416A35 /* Playgrounds Frameworks */,
				5EBEC2EE205B395200975D3F /* Other Frameworks */,
			);
			name = "Supporting Content";
			sourceTree = "<group>";
		};
		5EA2E3D62056F84000416A35 /* Playgrounds Frameworks */ = {
			isa = PBXGroup;
			children = (
				5EA2E3D82056F88700416A35 /* PlaygroundBluetooth.framework */,
				5EA2E3D72056F88700416A35 /* PlaygroundSupport.framework */,
			);
			name = "Playgrounds Frameworks";
			sourceTree = "<group>";
		};
		5EBEC2EE205B395200975D3F /* Other Frameworks */ = {
			isa = PBXGroup;
			children = (
				5EBEC2EF205B396500975D3F /* LiveViewHost.framework */,
			);
			name = "Other Frameworks";
			sourceTree = "<group>";
		};
		5EF2F9792054B64800191409 /* PrivateResources */ = {
			isa = PBXGroup;
			children = (
				5EF2F97E2054B6E400191409 /* ManifestPlist.strings */,
				5E551EC42371FC3F00784365 /* Assets.xcassets */,
			);
			path = PrivateResources;
			sourceTree = "<group>";
		};
		5EF2F9A42054BB9500191409 /* Supporting Content */ = {
			isa = PBXGroup;
			children = (
				5E70679E23678DC00094BDEF /* Modules */,
				5E6F7E582367B51E008CC191 /* UserModules */,
			);
			name = "Supporting Content";
			sourceTree = "<group>";
		};
		FDE1EAD9262A33F900380B34 /* SwiftAR.playgroundmodule */ = {
			isa = PBXGroup;
			children = (
				FDE1EADA262A341B00380B34 /* Sources */,
			);
			path = SwiftAR.playgroundmodule;
			sourceTree = "<group>";
		};
		FDE1EADA262A341B00380B34 /* Sources */ = {
			isa = PBXGroup;
			children = (
				FDE1EBD3262A3B2D00380B34 /* SwiftAR */,
			);
			path = Sources;
			sourceTree = "<group>";
		};
		FDE1EBD3262A3B2D00380B34 /* SwiftAR */ = {
			isa = PBXGroup;
			children = (
				FDC9F48E27B0108D001BF68A /* SwiftAR.docc */,
				FDE1EBD4262A3B2D00380B34 /* Experience */,
				FDE1EBD7262A3B2D00380B34 /* Renderer */,
				FDE1EBE4262A3B2D00380B34 /* Modifier */,
				FDE1EBE9262A3B2D00380B34 /* State */,
				FDE1EBF1262A3B2D00380B34 /* Extensions */,
				FDE1EBF4262A3B2D00380B34 /* MountedElement */,
				FDE1EBF7262A3B2D00380B34 /* Model */,
				FDE1EC0A262A3B2D00380B34 /* Environment */,
				FDE1EC0F262A3B2D00380B34 /* Anchor */,
				FDE1EC14262A3B2D00380B34 /* Material */,
				FDE1EC19262A3B2D00380B34 /* Reflection */,
			);
			path = SwiftAR;
			sourceTree = "<group>";
		};
		FDE1EBD4262A3B2D00380B34 /* Experience */ = {
			isa = PBXGroup;
			children = (
				FDE1EBD5262A3B2D00380B34 /* Experience.swift */,
				FDE1EBD6262A3B2D00380B34 /* AnyExperience.swift */,
			);
			path = Experience;
			sourceTree = "<group>";
		};
		FDE1EBD7262A3B2D00380B34 /* Renderer */ = {
			isa = PBXGroup;
			children = (
				FDE1EBDA262A3B2D00380B34 /* NodeReflectable */,
				FDE1EBD8262A3B2D00380B34 /* SCNNodeRenderer.swift */,
				FDE1EBD9262A3B2D00380B34 /* SCNRenderedViewController.swift */,
				FDE1EBE2262A3B2D00380B34 /* StackReconciler.swift */,
				FDE1EBE3262A3B2D00380B34 /* Renderer.swift */,
			);
			path = Renderer;
			sourceTree = "<group>";
		};
		FDE1EBDA262A3B2D00380B34 /* NodeReflectable */ = {
			isa = PBXGroup;
			children = (
				FDE1EBDB262A3B2D00380B34 /* Cube+NodeReflectable.swift */,
				FDE1EBDC262A3B2D00380B34 /* Animaiton+Effect.swift */,
				FDE1EBDD262A3B2D00380B34 /* TransformModifier+NodeReflectible.swift */,
				FDE1EBDE262A3B2D00380B34 /* TappableNode.swift */,
				FDE1EBDF262A3B2D00380B34 /* NodeReflectable.swift */,
				FDE1EBE0262A3B2D00380B34 /* ARReflectableAnchor.swift */,
				FDE1EBE1262A3B2D00380B34 /* NodeReflectable+Modifier.swift */,
				FDE77FB7262C63CB008F3A34 /* LookAtModifier+NodeReflectable.swift */,
			);
			path = NodeReflectable;
			sourceTree = "<group>";
		};
		FDE1EBE4262A3B2D00380B34 /* Modifier */ = {
			isa = PBXGroup;
			children = (
				FDE1EBE5262A3B2D00380B34 /* ModifiedContent.swift */,
				FDE1EBE6262A3B2D00380B34 /* PrimitiveModifier.swift */,
				FDE1EBE7262A3B2D00380B34 /* TransformModifier.swift */,
				FDE1EBE8262A3B2D00380B34 /* ModelModifier.swift */,
				FDE77FB3262C6321008F3A34 /* LookAt.swift */,
			);
			path = Modifier;
			sourceTree = "<group>";
		};
		FDE1EBE9262A3B2D00380B34 /* State */ = {
			isa = PBXGroup;
			children = (
				FDE77FBF262C6FA6008F3A34 /* StateObject.swift */,
				FDE77FBB262C6F7F008F3A34 /* ObservedObject.swift */,
				FDE1EBEA262A3B2D00380B34 /* Binding.swift */,
				FDE1EBEB262A3B2D00380B34 /* State.swift */,
				FDE1EBEC262A3B2D00380B34 /* ObservedProperty.swift */,
				FDE1EBED262A3B2D00380B34 /* DynamicProperty.swift */,
				FDE1EBEE262A3B2D00380B34 /* SwiftUI */,
			);
			path = State;
			sourceTree = "<group>";
		};
		FDE1EBEE262A3B2D00380B34 /* SwiftUI */ = {
			isa = PBXGroup;
			children = (
				FDE1EBEF262A3B2D00380B34 /* State+SwiftUI.swift */,
				FDE1EBF0262A3B2D00380B34 /* Binding+SwiftUI.swift */,
			);
			path = SwiftUI;
			sourceTree = "<group>";
		};
		FDE1EBF1262A3B2D00380B34 /* Extensions */ = {
			isa = PBXGroup;
			children = (
				FDE1EBF2262A3B2D00380B34 /* Never+ProtocolConformance.swift */,
				FDE1EBF3262A3B2D00380B34 /* simd+Extensions.swift */,
			);
			path = Extensions;
			sourceTree = "<group>";
		};
		FDE1EBF4262A3B2D00380B34 /* MountedElement */ = {
			isa = PBXGroup;
			children = (
				FDE1EBF5262A3B2D00380B34 /* MountedElement.swift */,
			);
			path = MountedElement;
			sourceTree = "<group>";
		};
		FDE1EBF7262A3B2D00380B34 /* Model */ = {
			isa = PBXGroup;
			children = (
				FDE1EBF8262A3B2D00380B34 /* Model.swift */,
				FDE1EBF9262A3B2D00380B34 /* Primitives */,
				FDE1EC01262A3B2D00380B34 /* Container */,
				FDE1EC05262A3B2D00380B34 /* ModelBuilder.swift */,
				FDE1EC06262A3B2D00380B34 /* Actions */,
			);
			path = Model;
			sourceTree = "<group>";
		};
		FDE1EBF9262A3B2D00380B34 /* Primitives */ = {
			isa = PBXGroup;
			children = (
				FDE1EBFA262A3B2D00380B34 /* EmptyModel.swift */,
				FDE1EBFB262A3B2D00380B34 /* Cylinder.swift */,
				FDE1EBFC262A3B2D00380B34 /* Cube.swift */,
				FDE1EBFD262A3B2D00380B34 /* Sphere.swift */,
				FDE1EBFE262A3B2D00380B34 /* AnyModel.swift */,
				FDE1EBFF262A3B2D00380B34 /* PrimitiveModel.swift */,
				FDE1EC00262A3B2D00380B34 /* Plane.swift */,
			);
			path = Primitives;
			sourceTree = "<group>";
		};
		FDE1EC01262A3B2D00380B34 /* Container */ = {
			isa = PBXGroup;
			children = (
				FDE1EC02262A3B2D00380B34 /* Group.swift */,
				FDE1EC03262A3B2D00380B34 /* TupelModel.swift */,
				FDE1EC04262A3B2D00380B34 /* ForEach.swift */,
				FDDF3B33262CAD6100CC4A53 /* OptionalModel.swift */,
				FDDF3B37262CAE6A00CC4A53 /* ConditionalModel.swift */,
			);
			path = Container;
			sourceTree = "<group>";
		};
		FDE1EC06262A3B2D00380B34 /* Actions */ = {
			isa = PBXGroup;
			children = (
				FDE1EC07262A3B2D00380B34 /* OnUpdate.swift */,
				FDE1EC08262A3B2D00380B34 /* Animation.swift */,
				FDE1EC09262A3B2D00380B34 /* OnTapModel.swift */,
				FDF0B5CB262DD16000EC4CE2 /* OnAppear.swift */,
			);
			path = Actions;
			sourceTree = "<group>";
		};
		FDE1EC0A262A3B2D00380B34 /* Environment */ = {
			isa = PBXGroup;
			children = (
				FDE1EC0B262A3B2D00380B34 /* Environment.swift */,
				FDE1EC0C262A3B2D00380B34 /* EnvironmentValues.swift */,
				FDE1EC0D262A3B2D00380B34 /* EnvironmentObject.swift */,
				FDE1EC0E262A3B2D00380B34 /* EnvironmentKey.swift */,
			);
			path = Environment;
			sourceTree = "<group>";
		};
		FDE1EC0F262A3B2D00380B34 /* Anchor */ = {
			isa = PBXGroup;
			children = (
				FDE1EC10262A3B2D00380B34 /* SurfaceAnchor.swift */,
				FDE1EC11262A3B2D00380B34 /* Anchor.swift */,
				FDE1EC12262A3B2D00380B34 /* AnyAnchor.swift */,
				FDE1EC13262A3B2D00380B34 /* WorldAnchor.swift */,
			);
			path = Anchor;
			sourceTree = "<group>";
		};
		FDE1EC14262A3B2D00380B34 /* Material */ = {
			isa = PBXGroup;
			children = (
				FDE1EC15262A3B2D00380B34 /* Material+SCNMaterial.swift */,
				FDE1EC16262A3B2D00380B34 /* Model+Material.swift */,
				FDE1EC17262A3B2D00380B34 /* Material.swift */,
				FDE1EC18262A3B2D00380B34 /* SwiftUIMaterial.swift */,
			);
			path = Material;
			sourceTree = "<group>";
		};
		FDE1EC19262A3B2D00380B34 /* Reflection */ = {
			isa = PBXGroup;
			children = (
				FDE1EC1A262A3B2D00380B34 /* Models */,
				FDE1EC1E262A3B2D00380B34 /* Utilities */,
				FDE1EC21262A3B2D00380B34 /* Layouts */,
				FDE1EC29262A3B2D00380B34 /* Pointers */,
				FDE1EC2D262A3B2D00380B34 /* Metadata */,
				FDE1EC31262A3B2D00380B34 /* typeConstructorName.swift */,
			);
			path = Reflection;
			sourceTree = "<group>";
		};
		FDE1EC1A262A3B2D00380B34 /* Models */ = {
			isa = PBXGroup;
			children = (
				FDE1EC1B262A3B2D00380B34 /* TypeInfo.swift */,
				FDE1EC1C262A3B2D00380B34 /* Kind.swift */,
				FDE1EC1D262A3B2D00380B34 /* PropertyInfo.swift */,
			);
			path = Models;
			sourceTree = "<group>";
		};
		FDE1EC1E262A3B2D00380B34 /* Utilities */ = {
			isa = PBXGroup;
			children = (
				FDE1EC1F262A3B2D00380B34 /* GettersSetters.swift */,
				FDE1EC20262A3B2D00380B34 /* Pointer+Extensions.swift */,
			);
			path = Utilities;
			sourceTree = "<group>";
		};
		FDE1EC21262A3B2D00380B34 /* Layouts */ = {
			isa = PBXGroup;
			children = (
				FDE1EC22262A3B2D00380B34 /* StructTypeDescriptor.swift */,
				FDE1EC23262A3B2D00380B34 /* ValueWitnessTable.swift */,
				FDE1EC24262A3B2D00380B34 /* ProtocolTypeContainer.swift */,
				FDE1EC25262A3B2D00380B34 /* TargetTypeGenericContextDescriptorHeader.swift */,
				FDE1EC26262A3B2D00380B34 /* FieldDescriptor.swift */,
				FDE1EC27262A3B2D00380B34 /* ExistentialContainter.swift */,
				FDE1EC28262A3B2D00380B34 /* StructMetadataLayout.swift */,
			);
			path = Layouts;
			sourceTree = "<group>";
		};
		FDE1EC29262A3B2D00380B34 /* Pointers */ = {
			isa = PBXGroup;
			children = (
				FDE1EC2A262A3B2D00380B34 /* MetadataOffset.swift */,
				FDE1EC2B262A3B2D00380B34 /* Pointers.swift */,
				FDE1EC2C262A3B2D00380B34 /* RelativeVectorPointer.swift */,
			);
			path = Pointers;
			sourceTree = "<group>";
		};
		FDE1EC2D262A3B2D00380B34 /* Metadata */ = {
			isa = PBXGroup;
			children = (
				FDE1EC2E262A3B2D00380B34 /* Metadata.swift */,
				FDE1EC2F262A3B2D00380B34 /* StructMetadata.swift */,
				FDE1EC30262A3B2D00380B34 /* MetadataState.swift */,
			);
			path = Metadata;
			sourceTree = "<group>";
		};
		FDE78220262C9306008F3A34 /* Frameworks */ = {
			isa = PBXGroup;
			children = (
				FDE78236262C938E008F3A34 /* x86_64-apple-ios-simulator.swiftmodule */,
				FDE78232262C938B008F3A34 /* arm64.swiftmodule */,
				FDE7822E262C9383008F3A34 /* arm64.swiftdoc */,
				FDE78226262C9365008F3A34 /* arm64.swiftmodule */,
			);
			name = Frameworks;
			sourceTree = "<group>";
		};
/* End PBXGroup section */

/* Begin PBXNativeTarget section */
		5E086DBF2051C5A7004D8D25 /* PlaygroundBook */ = {
			isa = PBXNativeTarget;
			buildConfigurationList = 5E086DC52051C5A7004D8D25 /* Build configuration list for PBXNativeTarget "PlaygroundBook" */;
			buildPhases = (
				5E086DD22051E35D004D8D25 /* Copy Book Contents */,
				5E086DC62051DB17004D8D25 /* Resources */,
			);
			buildRules = (
				5E086DD42051E415004D8D25 /* PBXBuildRule */,
			);
			dependencies = (
			);
			name = PlaygroundBook;
			productName = PlaygroundBook;
			productReference = 5E086DC02051C5A7004D8D25 /* SwiftAR.playgroundbook */;
			productType = "com.apple.product-type.bundle";
		};
		5EA2E3BC2056F35A00416A35 /* LiveViewTestApp */ = {
			isa = PBXNativeTarget;
			buildConfigurationList = 5EA2E3CE2056F35B00416A35 /* Build configuration list for PBXNativeTarget "LiveViewTestApp" */;
			buildPhases = (
				5EA2E3B92056F35A00416A35 /* Sources */,
				5EA2E3BA2056F35A00416A35 /* Frameworks */,
				5EA2E3BB2056F35A00416A35 /* Resources */,
				5EA2E3D92056F8BD00416A35 /* Embed Frameworks */,
				5EA2E3DD2056FB2900416A35 /* Embed Playground Book PublicResources & PrivateResources */,
			);
			buildRules = (
			);
			dependencies = (
				FDF327E1262DA702007439A6 /* PBXTargetDependency */,
			);
			name = LiveViewTestApp;
			productName = LiveViewTestApp;
			productReference = 5EA2E3BD2056F35A00416A35 /* LiveViewTestApp.app */;
			productType = "com.apple.product-type.application";
		};
		FDE782A6262C944F008F3A34 /* SwiftAR */ = {
			isa = PBXNativeTarget;
			buildConfigurationList = FDE782AB262C944F008F3A34 /* Build configuration list for PBXNativeTarget "SwiftAR" */;
			buildPhases = (
				FDE782A3262C944F008F3A34 /* Sources */,
				FDE782A4262C944F008F3A34 /* Frameworks */,
				FDE782A5262C944F008F3A34 /* CopyFiles */,
			);
			buildRules = (
			);
			dependencies = (
			);
			name = SwiftAR;
			productName = SwiftAR;
			productReference = FDE782A7262C944F008F3A34 /* libSwiftAR.a */;
			productType = "com.apple.product-type.library.static";
		};
/* End PBXNativeTarget section */

/* Begin PBXProject section */
		5E2A7ADD204F611300F4E17A /* Project object */ = {
			isa = PBXProject;
			attributes = {
				LastSwiftUpdateCheck = 1220;
				LastUpgradeCheck = 0930;
				TargetAttributes = {
					5E086DBF2051C5A7004D8D25 = {
						CreatedOnToolsVersion = 9.3;
					};
					5EA2E3BC2056F35A00416A35 = {
						CreatedOnToolsVersion = 9.3;
						LastSwiftMigration = 1000;
					};
					FDE782A6262C944F008F3A34 = {
						CreatedOnToolsVersion = 12.2;
					};
				};
			};
			buildConfigurationList = 5E2A7AE0204F611300F4E17A /* Build configuration list for PBXProject "PlaygroundBook" */;
			compatibilityVersion = "Xcode 11.0";
			developmentRegion = en;
			hasScannedForEncodings = 0;
			knownRegions = (
				en,
				Base,
			);
			mainGroup = 5E2A7ADC204F611300F4E17A;
			productRefGroup = 5E086DA4204F706E004D8D25 /* Products */;
			projectDirPath = "";
			projectRoot = "";
			targets = (
				5E086DBF2051C5A7004D8D25 /* PlaygroundBook */,
				5EA2E3BC2056F35A00416A35 /* LiveViewTestApp */,
				FDE782A6262C944F008F3A34 /* SwiftAR */,
			);
		};
/* End PBXProject section */

/* Begin PBXResourcesBuildPhase section */
		5E086DC62051DB17004D8D25 /* Resources */ = {
			isa = PBXResourcesBuildPhase;
			buildActionMask = 2147483647;
			files = (
				5EF2F97C2054B6E400191409 /* ManifestPlist.strings in Resources */,
				5E551EC52371FC3F00784365 /* Assets.xcassets in Resources */,
				FDE77FA9262C33FF008F3A34 /* PublicResources in Resources */,
			);
			runOnlyForDeploymentPostprocessing = 0;
		};
		5EA2E3BB2056F35A00416A35 /* Resources */ = {
			isa = PBXResourcesBuildPhase;
			buildActionMask = 2147483647;
			files = (
				FDF327E6262DADB2007439A6 /* Media.xcassets in Resources */,
				5EA2E3CA2056F35B00416A35 /* LiveViewTestAppLaunchScreen.storyboard in Resources */,
			);
			runOnlyForDeploymentPostprocessing = 0;
		};
/* End PBXResourcesBuildPhase section */

/* Begin PBXShellScriptBuildPhase section */
		5EA2E3DD2056FB2900416A35 /* Embed Playground Book PublicResources & PrivateResources */ = {
			isa = PBXShellScriptBuildPhase;
			buildActionMask = 2147483647;
			files = (
			);
			inputPaths = (
				"$(BUILT_PRODUCTS_DIR)/PlaygroundBook.playgroundbook",
			);
			name = "Embed Playground Book PublicResources & PrivateResources";
			outputPaths = (
				"$(DERIVED_FILE_DIR)/embed-resources-marker",
			);
			runOnlyForDeploymentPostprocessing = 0;
			shellPath = /bin/sh;
			shellScript = "PLAYGROUND_BOOK_PATH=\"${BUILT_PRODUCTS_DIR}/${PLAYGROUND_BOOK_FILE_NAME}.playgroundbook\"\nPRIVATERESOURCES_FOLDER_PATH=\"${PLAYGROUND_BOOK_PATH}/Contents/PrivateResources\"\nPUBLICRESOURCES_FOLDER_PATH=\"${PLAYGROUND_BOOK_PATH}/Contents/PublicResources\"\n\nDESTINATION_FOLDER_PATH=\"${TARGET_BUILD_DIR}/${UNLOCALIZED_RESOURCES_FOLDER_PATH}\"\n\nif [[ -d \"${PRIVATERESOURCES_FOLDER_PATH}\" ]]; then\n    ditto \"${PRIVATERESOURCES_FOLDER_PATH}\" \"${DESTINATION_FOLDER_PATH}\"\nfi\n\nif [[ -d \"${PUBLICRESOURCES_FOLDER_PATH}\" ]]; then\n    ditto \"${PUBLICRESOURCES_FOLDER_PATH}\" \"${DESTINATION_FOLDER_PATH}\"\nfi\n\nmkdir -p \"${DERIVED_FILE_DIR}\"\ntouch \"${DERIVED_FILE_DIR}/embed-resources-marker\"\n";
		};
/* End PBXShellScriptBuildPhase section */

/* Begin PBXSourcesBuildPhase section */
		5EA2E3B92056F35A00416A35 /* Sources */ = {
			isa = PBXSourcesBuildPhase;
			buildActionMask = 2147483647;
			files = (
				5EA2E3C02056F35A00416A35 /* AppDelegate.swift in Sources */,
				FDF327E4262DAD03007439A6 /* SolarCardSystemExperience.swift in Sources */,
			);
			runOnlyForDeploymentPostprocessing = 0;
		};
		FDE782A3262C944F008F3A34 /* Sources */ = {
			isa = PBXSourcesBuildPhase;
			buildActionMask = 2147483647;
			files = (
				FDE782B2262C945D008F3A34 /* Experience.swift in Sources */,
				FDE782B3262C945D008F3A34 /* AnyExperience.swift in Sources */,
				FDE782B4262C945D008F3A34 /* Cube+NodeReflectable.swift in Sources */,
				FDE782B5262C945D008F3A34 /* Animaiton+Effect.swift in Sources */,
				FDE782B6262C945D008F3A34 /* TransformModifier+NodeReflectible.swift in Sources */,
				FDE782B7262C945D008F3A34 /* TappableNode.swift in Sources */,
				FDE782B8262C945D008F3A34 /* NodeReflectable.swift in Sources */,
				FDE782B9262C945D008F3A34 /* ARReflectableAnchor.swift in Sources */,
				FDE782BA262C945D008F3A34 /* NodeReflectable+Modifier.swift in Sources */,
				FDE782BB262C945D008F3A34 /* LookAtModifier+NodeReflectable.swift in Sources */,
				FDE782BC262C945D008F3A34 /* SCNNodeRenderer.swift in Sources */,
				FDE782BD262C945D008F3A34 /* SCNRenderedViewController.swift in Sources */,
				FDE782BE262C945D008F3A34 /* StackReconciler.swift in Sources */,
				FDE782BF262C945D008F3A34 /* Renderer.swift in Sources */,
				FDE782C0262C945D008F3A34 /* ModifiedContent.swift in Sources */,
				FDE782C1262C945D008F3A34 /* PrimitiveModifier.swift in Sources */,
				FDE782C2262C945D008F3A34 /* TransformModifier.swift in Sources */,
				FDE782C3262C945D008F3A34 /* ModelModifier.swift in Sources */,
				FDE782C4262C945D008F3A34 /* LookAt.swift in Sources */,
				FDE782C5262C945D008F3A34 /* StateObject.swift in Sources */,
				FDE782C6262C945D008F3A34 /* ObservedObject.swift in Sources */,
				FDE782C7262C945D008F3A34 /* Binding.swift in Sources */,
				FDE782C8262C945D008F3A34 /* State.swift in Sources */,
				FDE782C9262C945D008F3A34 /* ObservedProperty.swift in Sources */,
				FDE782CA262C945D008F3A34 /* DynamicProperty.swift in Sources */,
				FDE782CB262C945D008F3A34 /* State+SwiftUI.swift in Sources */,
				FDE782CC262C945D008F3A34 /* Binding+SwiftUI.swift in Sources */,
				FDE782CD262C945D008F3A34 /* Never+ProtocolConformance.swift in Sources */,
				FDE782CE262C945D008F3A34 /* simd+Extensions.swift in Sources */,
				FDE782CF262C945D008F3A34 /* MountedElement.swift in Sources */,
				FDE782D0262C945D008F3A34 /* Model.swift in Sources */,
				FDE782D1262C945D008F3A34 /* EmptyModel.swift in Sources */,
				FDE782D2262C945D008F3A34 /* Cylinder.swift in Sources */,
				FDE782D3262C945D008F3A34 /* Cube.swift in Sources */,
				FDE782D4262C945D008F3A34 /* Sphere.swift in Sources */,
				FDE782D5262C945D008F3A34 /* AnyModel.swift in Sources */,
				FDE782D6262C945D008F3A34 /* PrimitiveModel.swift in Sources */,
				FDE782D7262C945D008F3A34 /* Plane.swift in Sources */,
				FDE782D8262C945D008F3A34 /* Group.swift in Sources */,
				FDE782D9262C945D008F3A34 /* TupelModel.swift in Sources */,
				FDF0B5CC262DD16000EC4CE2 /* OnAppear.swift in Sources */,
				FDE782DA262C945D008F3A34 /* ForEach.swift in Sources */,
				FDDF3B34262CAD6100CC4A53 /* OptionalModel.swift in Sources */,
				FDE782DB262C945D008F3A34 /* ModelBuilder.swift in Sources */,
				FDE782DC262C945D008F3A34 /* OnUpdate.swift in Sources */,
				FDE782DD262C945D008F3A34 /* Animation.swift in Sources */,
				FDE782DE262C945D008F3A34 /* OnTapModel.swift in Sources */,
				FDE782DF262C945D008F3A34 /* Environment.swift in Sources */,
				FDE782E0262C945D008F3A34 /* EnvironmentValues.swift in Sources */,
				FDDF3B38262CAE6A00CC4A53 /* ConditionalModel.swift in Sources */,
				FDE782E1262C945D008F3A34 /* EnvironmentObject.swift in Sources */,
				FDC9F48F27B0108D001BF68A /* SwiftAR.docc in Sources */,
				FDE782E2262C945D008F3A34 /* EnvironmentKey.swift in Sources */,
				FDE782E3262C945D008F3A34 /* SurfaceAnchor.swift in Sources */,
				FDE782E4262C945D008F3A34 /* Anchor.swift in Sources */,
				FDE782E5262C945D008F3A34 /* AnyAnchor.swift in Sources */,
				FDE782E6262C945D008F3A34 /* WorldAnchor.swift in Sources */,
				FDE782E7262C945D008F3A34 /* Material+SCNMaterial.swift in Sources */,
				FDE782E8262C945D008F3A34 /* Model+Material.swift in Sources */,
				FDE782E9262C945D008F3A34 /* Material.swift in Sources */,
				FDE782EA262C945D008F3A34 /* SwiftUIMaterial.swift in Sources */,
				FDE782EB262C945D008F3A34 /* TypeInfo.swift in Sources */,
				FDE782EC262C945D008F3A34 /* Kind.swift in Sources */,
				FDE782ED262C945D008F3A34 /* PropertyInfo.swift in Sources */,
				FDE782EE262C945D008F3A34 /* GettersSetters.swift in Sources */,
				FDE782EF262C945D008F3A34 /* Pointer+Extensions.swift in Sources */,
				FDE782F0262C945D008F3A34 /* StructTypeDescriptor.swift in Sources */,
				FDE782F1262C945D008F3A34 /* ValueWitnessTable.swift in Sources */,
				FDE782F2262C945D008F3A34 /* ProtocolTypeContainer.swift in Sources */,
				FDE782F3262C945D008F3A34 /* TargetTypeGenericContextDescriptorHeader.swift in Sources */,
				FDE782F4262C945D008F3A34 /* FieldDescriptor.swift in Sources */,
				FDE782F5262C945D008F3A34 /* ExistentialContainter.swift in Sources */,
				FDE782F6262C945D008F3A34 /* StructMetadataLayout.swift in Sources */,
				FDE782F7262C945D008F3A34 /* MetadataOffset.swift in Sources */,
				FDE782F8262C945D008F3A34 /* Pointers.swift in Sources */,
				FDE782F9262C945D008F3A34 /* RelativeVectorPointer.swift in Sources */,
				FDE782FA262C945D008F3A34 /* Metadata.swift in Sources */,
				FDE782FB262C945D008F3A34 /* StructMetadata.swift in Sources */,
				FDE782FC262C945D008F3A34 /* MetadataState.swift in Sources */,
				FDE782FD262C945D008F3A34 /* typeConstructorName.swift in Sources */,
			);
			runOnlyForDeploymentPostprocessing = 0;
		};
/* End PBXSourcesBuildPhase section */

/* Begin PBXTargetDependency section */
		FDF327E1262DA702007439A6 /* PBXTargetDependency */ = {
			isa = PBXTargetDependency;
			target = FDE782A6262C944F008F3A34 /* SwiftAR */;
			targetProxy = FDF327E0262DA702007439A6 /* PBXContainerItemProxy */;
		};
/* End PBXTargetDependency section */

/* Begin PBXVariantGroup section */
		5EA2E3C82056F35B00416A35 /* LiveViewTestAppLaunchScreen.storyboard */ = {
			isa = PBXVariantGroup;
			children = (
				5EA2E3C92056F35B00416A35 /* Base */,
			);
			name = LiveViewTestAppLaunchScreen.storyboard;
			sourceTree = "<group>";
		};
		5EF2F97E2054B6E400191409 /* ManifestPlist.strings */ = {
			isa = PBXVariantGroup;
			children = (
				5EF2F97D2054B6E400191409 /* en */,
			);
			name = ManifestPlist.strings;
			sourceTree = "<group>";
		};
/* End PBXVariantGroup section */

/* Begin XCBuildConfiguration section */
		5E086DC32051C5A7004D8D25 /* Debug */ = {
			isa = XCBuildConfiguration;
			baseConfigurationReference = 5E086DC72051DD03004D8D25 /* BookOverridingBuildSettings.xcconfig */;
			buildSettings = {
				COMBINE_HIDPI_IMAGES = YES;
				CURRENT_PROJECT_VERSION = "$(PLAYGROUND_BOOK_CONTENT_VERSION)";
				GCC_DYNAMIC_NO_PIC = NO;
				INSTALL_PATH = /;
				IPHONEOS_DEPLOYMENT_TARGET = 14.2;
				PRODUCT_BUNDLE_IDENTIFIER = "$(PLAYGROUND_BOOK_CONTENT_IDENTIFIER)";
				PRODUCT_NAME = "$(PLAYGROUND_BOOK_FILE_NAME)";
				SKIP_INSTALL = NO;
				SUPPORTS_MACCATALYST = YES;
				SWIFT_VERSION = 5.3;
			};
			name = Debug;
		};
		5E086DC42051C5A7004D8D25 /* Release */ = {
			isa = XCBuildConfiguration;
			baseConfigurationReference = 5E086DC72051DD03004D8D25 /* BookOverridingBuildSettings.xcconfig */;
			buildSettings = {
				COMBINE_HIDPI_IMAGES = YES;
				CURRENT_PROJECT_VERSION = "$(PLAYGROUND_BOOK_CONTENT_VERSION)";
				INSTALL_PATH = /;
				IPHONEOS_DEPLOYMENT_TARGET = 14.2;
				PRODUCT_BUNDLE_IDENTIFIER = "$(PLAYGROUND_BOOK_CONTENT_IDENTIFIER)";
				PRODUCT_NAME = "$(PLAYGROUND_BOOK_FILE_NAME)";
				SKIP_INSTALL = NO;
				SUPPORTS_MACCATALYST = YES;
				SWIFT_VERSION = 5.3;
			};
			name = Release;
		};
		5E2A7AE1204F611300F4E17A /* Debug */ = {
			isa = XCBuildConfiguration;
			baseConfigurationReference = 5E0E37522065981C008FA4BE /* BuildSettings.xcconfig */;
			buildSettings = {
				ALWAYS_SEARCH_USER_PATHS = NO;
				CLANG_ANALYZER_NONNULL = YES;
				CLANG_ANALYZER_NUMBER_OBJECT_CONVERSION = YES_AGGRESSIVE;
				CLANG_CXX_LANGUAGE_STANDARD = "gnu++14";
				CLANG_CXX_LIBRARY = "libc++";
				CLANG_ENABLE_MODULES = YES;
				CLANG_ENABLE_OBJC_ARC = YES;
				CLANG_ENABLE_OBJC_WEAK = YES;
				CLANG_WARN_BLOCK_CAPTURE_AUTORELEASING = YES;
				CLANG_WARN_BOOL_CONVERSION = YES;
				CLANG_WARN_COMMA = YES;
				CLANG_WARN_CONSTANT_CONVERSION = YES;
				CLANG_WARN_DEPRECATED_OBJC_IMPLEMENTATIONS = YES;
				CLANG_WARN_DIRECT_OBJC_ISA_USAGE = YES_ERROR;
				CLANG_WARN_DOCUMENTATION_COMMENTS = YES;
				CLANG_WARN_EMPTY_BODY = YES;
				CLANG_WARN_ENUM_CONVERSION = YES;
				CLANG_WARN_INFINITE_RECURSION = YES;
				CLANG_WARN_INT_CONVERSION = YES;
				CLANG_WARN_NON_LITERAL_NULL_CONVERSION = YES;
				CLANG_WARN_OBJC_IMPLICIT_RETAIN_SELF = YES;
				CLANG_WARN_OBJC_LITERAL_CONVERSION = YES;
				CLANG_WARN_OBJC_ROOT_CLASS = YES_ERROR;
				CLANG_WARN_RANGE_LOOP_ANALYSIS = YES;
				CLANG_WARN_STRICT_PROTOTYPES = YES;
				CLANG_WARN_SUSPICIOUS_MOVE = YES;
				CLANG_WARN_UNGUARDED_AVAILABILITY = YES_AGGRESSIVE;
				CLANG_WARN_UNREACHABLE_CODE = YES;
				CLANG_WARN__DUPLICATE_METHOD_MATCH = YES;
				COPY_PHASE_STRIP = NO;
				DEBUG_INFORMATION_FORMAT = dwarf;
				ENABLE_STRICT_OBJC_MSGSEND = YES;
				ENABLE_TESTABILITY = YES;
				GCC_C_LANGUAGE_STANDARD = gnu11;
				GCC_NO_COMMON_BLOCKS = YES;
				GCC_OPTIMIZATION_LEVEL = 0;
				GCC_PREPROCESSOR_DEFINITIONS = (
					"DEBUG=1",
					"$(inherited)",
				);
				GCC_WARN_64_TO_32_BIT_CONVERSION = YES;
				GCC_WARN_ABOUT_RETURN_TYPE = YES_ERROR;
				GCC_WARN_UNDECLARED_SELECTOR = YES;
				GCC_WARN_UNINITIALIZED_AUTOS = YES_AGGRESSIVE;
				GCC_WARN_UNUSED_FUNCTION = YES;
				GCC_WARN_UNUSED_VARIABLE = YES;
				IPHONEOS_DEPLOYMENT_TARGET = 14.2;
				MTL_ENABLE_DEBUG_INFO = YES;
				ONLY_ACTIVE_ARCH = NO;
				SDKROOT = iphoneos;
				SWIFT_ACTIVE_COMPILATION_CONDITIONS = "$(inherited) DEBUG";
				SWIFT_OPTIMIZATION_LEVEL = "-Onone";
				SWIFT_VERSION = 5.0;
				TARGETED_DEVICE_FAMILY = "1,2";
			};
			name = Debug;
		};
		5E2A7AE2204F611300F4E17A /* Release */ = {
			isa = XCBuildConfiguration;
			baseConfigurationReference = 5E0E37522065981C008FA4BE /* BuildSettings.xcconfig */;
			buildSettings = {
				ALWAYS_SEARCH_USER_PATHS = NO;
				CLANG_ANALYZER_NONNULL = YES;
				CLANG_ANALYZER_NUMBER_OBJECT_CONVERSION = YES_AGGRESSIVE;
				CLANG_CXX_LANGUAGE_STANDARD = "gnu++14";
				CLANG_CXX_LIBRARY = "libc++";
				CLANG_ENABLE_MODULES = YES;
				CLANG_ENABLE_OBJC_ARC = YES;
				CLANG_ENABLE_OBJC_WEAK = YES;
				CLANG_WARN_BLOCK_CAPTURE_AUTORELEASING = YES;
				CLANG_WARN_BOOL_CONVERSION = YES;
				CLANG_WARN_COMMA = YES;
				CLANG_WARN_CONSTANT_CONVERSION = YES;
				CLANG_WARN_DEPRECATED_OBJC_IMPLEMENTATIONS = YES;
				CLANG_WARN_DIRECT_OBJC_ISA_USAGE = YES_ERROR;
				CLANG_WARN_DOCUMENTATION_COMMENTS = YES;
				CLANG_WARN_EMPTY_BODY = YES;
				CLANG_WARN_ENUM_CONVERSION = YES;
				CLANG_WARN_INFINITE_RECURSION = YES;
				CLANG_WARN_INT_CONVERSION = YES;
				CLANG_WARN_NON_LITERAL_NULL_CONVERSION = YES;
				CLANG_WARN_OBJC_IMPLICIT_RETAIN_SELF = YES;
				CLANG_WARN_OBJC_LITERAL_CONVERSION = YES;
				CLANG_WARN_OBJC_ROOT_CLASS = YES_ERROR;
				CLANG_WARN_RANGE_LOOP_ANALYSIS = YES;
				CLANG_WARN_STRICT_PROTOTYPES = YES;
				CLANG_WARN_SUSPICIOUS_MOVE = YES;
				CLANG_WARN_UNGUARDED_AVAILABILITY = YES_AGGRESSIVE;
				CLANG_WARN_UNREACHABLE_CODE = YES;
				CLANG_WARN__DUPLICATE_METHOD_MATCH = YES;
				COPY_PHASE_STRIP = NO;
				DEBUG_INFORMATION_FORMAT = "dwarf-with-dsym";
				ENABLE_NS_ASSERTIONS = NO;
				ENABLE_STRICT_OBJC_MSGSEND = YES;
				GCC_C_LANGUAGE_STANDARD = gnu11;
				GCC_NO_COMMON_BLOCKS = YES;
				GCC_WARN_64_TO_32_BIT_CONVERSION = YES;
				GCC_WARN_ABOUT_RETURN_TYPE = YES_ERROR;
				GCC_WARN_UNDECLARED_SELECTOR = YES;
				GCC_WARN_UNINITIALIZED_AUTOS = YES_AGGRESSIVE;
				GCC_WARN_UNUSED_FUNCTION = YES;
				GCC_WARN_UNUSED_VARIABLE = YES;
				IPHONEOS_DEPLOYMENT_TARGET = 14.2;
				MTL_ENABLE_DEBUG_INFO = NO;
				SDKROOT = iphoneos;
				SWIFT_COMPILATION_MODE = wholemodule;
				SWIFT_OPTIMIZATION_LEVEL = "-O";
				SWIFT_VERSION = 5.0;
				TARGETED_DEVICE_FAMILY = "1,2";
			};
			name = Release;
		};
		5EA2E3CC2056F35B00416A35 /* Debug */ = {
			isa = XCBuildConfiguration;
			buildSettings = {
				ALWAYS_EMBED_SWIFT_STANDARD_LIBRARIES = YES;
				CODE_SIGN_ENTITLEMENTS = LiveViewTestApp/LiveViewTestApp.entitlements;
				CODE_SIGN_IDENTITY = "Apple Development";
				"CODE_SIGN_IDENTITY[sdk=macosx*]" = "Apple Development";
				CODE_SIGN_STYLE = Automatic;
				DERIVE_MACCATALYST_PRODUCT_BUNDLE_IDENTIFIER = YES;
				DEVELOPMENT_TEAM = H663T9FNDN;
				GCC_DYNAMIC_NO_PIC = NO;
				INFOPLIST_FILE = LiveViewTestApp/Info.plist;
				IPHONEOS_DEPLOYMENT_TARGET = 14.2;
				LD_RUNPATH_SEARCH_PATHS = (
					"$(inherited)",
					"@executable_path/Frameworks",
				);
				OTHER_LDFLAGS = "-all_load";
				PRODUCT_BUNDLE_IDENTIFIER = de.rub.lde.example.liveview;
				PRODUCT_NAME = "$(TARGET_NAME)";
				PROVISIONING_PROFILE_SPECIFIER = "";
				"PROVISIONING_PROFILE_SPECIFIER[sdk=macosx*]" = "";
				SUPPORTS_MACCATALYST = YES;
				SWIFT_ACTIVE_COMPILATION_CONDITIONS = "LIVE_VIEW_TEST_APP DEBUG";
				SYSTEM_FRAMEWORK_SEARCH_PATHS = (
					"\"$(OTHER_FRAMEWORKS_DIR)\"",
					"$(inherited)",
				);
			};
			name = Debug;
		};
		5EA2E3CD2056F35B00416A35 /* Release */ = {
			isa = XCBuildConfiguration;
			buildSettings = {
				ALWAYS_EMBED_SWIFT_STANDARD_LIBRARIES = YES;
				CODE_SIGN_ENTITLEMENTS = LiveViewTestApp/LiveViewTestApp.entitlements;
				CODE_SIGN_IDENTITY = "Apple Development";
				"CODE_SIGN_IDENTITY[sdk=macosx*]" = "Apple Development";
				CODE_SIGN_STYLE = Automatic;
				DERIVE_MACCATALYST_PRODUCT_BUNDLE_IDENTIFIER = YES;
				DEVELOPMENT_TEAM = H663T9FNDN;
				INFOPLIST_FILE = LiveViewTestApp/Info.plist;
				IPHONEOS_DEPLOYMENT_TARGET = 14.2;
				LD_RUNPATH_SEARCH_PATHS = (
					"$(inherited)",
					"@executable_path/Frameworks",
				);
				OTHER_LDFLAGS = "-all_load";
				PRODUCT_BUNDLE_IDENTIFIER = de.rub.lde.example.liveview;
				PRODUCT_NAME = "$(TARGET_NAME)";
				PROVISIONING_PROFILE_SPECIFIER = "";
				"PROVISIONING_PROFILE_SPECIFIER[sdk=macosx*]" = "";
				SUPPORTS_MACCATALYST = YES;
				SWIFT_ACTIVE_COMPILATION_CONDITIONS = LIVE_VIEW_TEST_APP;
				SYSTEM_FRAMEWORK_SEARCH_PATHS = (
					"\"$(OTHER_FRAMEWORKS_DIR)\"",
					"$(inherited)",
				);
				VALIDATE_PRODUCT = YES;
			};
			name = Release;
		};
		FDE782AC262C944F008F3A34 /* Debug */ = {
			isa = XCBuildConfiguration;
			buildSettings = {
				ARCHS = "$(ARCHS_STANDARD)";
				CLANG_WARN_QUOTED_INCLUDE_IN_FRAMEWORK_HEADER = YES;
				CODE_SIGN_STYLE = Automatic;
				DEVELOPMENT_TEAM = 3JHX23SKBN;
				GCC_DYNAMIC_NO_PIC = NO;
				MTL_ENABLE_DEBUG_INFO = INCLUDE_SOURCE;
				MTL_FAST_MATH = YES;
				ONLY_ACTIVE_ARCH = NO;
				OTHER_LDFLAGS = "-ObjC";
				PRODUCT_NAME = "$(TARGET_NAME)";
				SKIP_INSTALL = YES;
				SWIFT_ACTIVE_COMPILATION_CONDITIONS = DEBUG;
				SWIFT_VERSION = 5.0;
				TARGETED_DEVICE_FAMILY = "1,2";
			};
			name = Debug;
		};
		FDE782AD262C944F008F3A34 /* Release */ = {
			isa = XCBuildConfiguration;
			buildSettings = {
				ARCHS = "$(ARCHS_STANDARD)";
				CLANG_WARN_QUOTED_INCLUDE_IN_FRAMEWORK_HEADER = YES;
				CODE_SIGN_STYLE = Automatic;
				DEVELOPMENT_TEAM = 3JHX23SKBN;
				MTL_FAST_MATH = YES;
				OTHER_LDFLAGS = "-ObjC";
				PRODUCT_NAME = "$(TARGET_NAME)";
				SKIP_INSTALL = YES;
				SWIFT_VERSION = 5.0;
				TARGETED_DEVICE_FAMILY = "1,2";
				VALIDATE_PRODUCT = YES;
			};
			name = Release;
		};
/* End XCBuildConfiguration section */

/* Begin XCConfigurationList section */
		5E086DC52051C5A7004D8D25 /* Build configuration list for PBXNativeTarget "PlaygroundBook" */ = {
			isa = XCConfigurationList;
			buildConfigurations = (
				5E086DC32051C5A7004D8D25 /* Debug */,
				5E086DC42051C5A7004D8D25 /* Release */,
			);
			defaultConfigurationIsVisible = 0;
			defaultConfigurationName = Release;
		};
		5E2A7AE0204F611300F4E17A /* Build configuration list for PBXProject "PlaygroundBook" */ = {
			isa = XCConfigurationList;
			buildConfigurations = (
				5E2A7AE1204F611300F4E17A /* Debug */,
				5E2A7AE2204F611300F4E17A /* Release */,
			);
			defaultConfigurationIsVisible = 0;
			defaultConfigurationName = Release;
		};
		5EA2E3CE2056F35B00416A35 /* Build configuration list for PBXNativeTarget "LiveViewTestApp" */ = {
			isa = XCConfigurationList;
			buildConfigurations = (
				5EA2E3CC2056F35B00416A35 /* Debug */,
				5EA2E3CD2056F35B00416A35 /* Release */,
			);
			defaultConfigurationIsVisible = 0;
			defaultConfigurationName = Release;
		};
		FDE782AB262C944F008F3A34 /* Build configuration list for PBXNativeTarget "SwiftAR" */ = {
			isa = XCConfigurationList;
			buildConfigurations = (
				FDE782AC262C944F008F3A34 /* Debug */,
				FDE782AD262C944F008F3A34 /* Release */,
			);
			defaultConfigurationIsVisible = 0;
			defaultConfigurationName = Release;
		};
/* End XCConfigurationList section */
	};
	rootObject = 5E2A7ADD204F611300F4E17A /* Project object */;
}
